// !$*UTF8*$!
{
	archiveVersion = 1;
	classes = {
	};
	objectVersion = 46;
	objects = {

/* Begin PBXBuildFile section */
		BC76464F1D6B0A5A0099F11C /* main.m in Sources */ = {isa = PBXBuildFile; fileRef = BC76464E1D6B0A5A0099F11C /* main.m */; };
		BC7646521D6B0A5A0099F11C /* AppDelegate.m in Sources */ = {isa = PBXBuildFile; fileRef = BC7646511D6B0A5A0099F11C /* AppDelegate.m */; };
		BC7646551D6B0A5A0099F11C /* ViewController.m in Sources */ = {isa = PBXBuildFile; fileRef = BC7646541D6B0A5A0099F11C /* ViewController.m */; };
		BC7646581D6B0A5A0099F11C /* Main.storyboard in Resources */ = {isa = PBXBuildFile; fileRef = BC7646561D6B0A5A0099F11C /* Main.storyboard */; };
		BC76465A1D6B0A5A0099F11C /* Assets.xcassets in Resources */ = {isa = PBXBuildFile; fileRef = BC7646591D6B0A5A0099F11C /* Assets.xcassets */; };
		BC76465D1D6B0A5A0099F11C /* LaunchScreen.storyboard in Resources */ = {isa = PBXBuildFile; fileRef = BC76465B1D6B0A5A0099F11C /* LaunchScreen.storyboard */; };
/* End PBXBuildFile section */

/* Begin PBXFileReference section */
		BC76464A1D6B0A5A0099F11C /* self_web_image.app */ = {isa = PBXFileReference; explicitFileType = wrapper.application; includeInIndex = 0; path = self_web_image.app; sourceTree = BUILT_PRODUCTS_DIR; };
		BC76464E1D6B0A5A0099F11C /* main.m */ = {isa = PBXFileReference; lastKnownFileType = sourcecode.c.objc; path = main.m; sourceTree = "<group>"; };
		BC7646501D6B0A5A0099F11C /* AppDelegate.h */ = {isa = PBXFileReference; lastKnownFileType = sourcecode.c.h; path = AppDelegate.h; sourceTree = "<group>"; };
		BC7646511D6B0A5A0099F11C /* AppDelegate.m */ = {isa = PBXFileReference; lastKnownFileType = sourcecode.c.objc; path = AppDelegate.m; sourceTree = "<group>"; };
		BC7646531D6B0A5A0099F11C /* ViewController.h */ = {isa = PBXFileReference; lastKnownFileType = sourcecode.c.h; path = ViewController.h; sourceTree = "<group>"; };
		BC7646541D6B0A5A0099F11C /* ViewController.m */ = {isa = PBXFileReference; lastKnownFileType = sourcecode.c.objc; path = ViewController.m; sourceTree = "<group>"; };
		BC7646571D6B0A5A0099F11C /* Base */ = {isa = PBXFileReference; lastKnownFileType = file.storyboard; name = Base; path = Base.lproj/Main.storyboard; sourceTree = "<group>"; };
		BC7646591D6B0A5A0099F11C /* Assets.xcassets */ = {isa = PBXFileReference; lastKnownFileType = folder.assetcatalog; path = Assets.xcassets; sourceTree = "<group>"; };
		BC76465C1D6B0A5A0099F11C /* Base */ = {isa = PBXFileReference; lastKnownFileType = file.storyboard; name = Base; path = Base.lproj/LaunchScreen.storyboard; sourceTree = "<group>"; };
		BC76465E1D6B0A5A0099F11C /* Info.plist */ = {isa = PBXFileReference; lastKnownFileType = text.plist.xml; path = Info.plist; sourceTree = "<group>"; };
/* End PBXFileReference section */

/* Begin PBXFrameworksBuildPhase section */
		BC7646471D6B0A5A0099F11C /* Frameworks */ = {
			isa = PBXFrameworksBuildPhase;
			buildActionMask = 2147483647;
			files = (
			);
			runOnlyForDeploymentPostprocessing = 0;
		};
/* End PBXFrameworksBuildPhase section */

/* Begin PBXGroup section */
		BC7646411D6B0A5A0099F11C = {
			isa = PBXGroup;
			children = (
				BC76464C1D6B0A5A0099F11C /* self_web_image */,
				BC76464B1D6B0A5A0099F11C /* Products */,
			);
			sourceTree = "<group>";
		};
		BC76464B1D6B0A5A0099F11C /* Products */ = {
			isa = PBXGroup;
			children = (
				BC76464A1D6B0A5A0099F11C /* self_web_image.app */,
			);
			name = Products;
			sourceTree = "<group>";
		};
		BC76464C1D6B0A5A0099F11C /* self_web_image */ = {
			isa = PBXGroup;
			children = (
				BC7646501D6B0A5A0099F11C /* AppDelegate.h */,
				BC7646511D6B0A5A0099F11C /* AppDelegate.m */,
				BC7646531D6B0A5A0099F11C /* ViewController.h */,
				BC7646541D6B0A5A0099F11C /* ViewController.m */,
				BC7646561D6B0A5A0099F11C /* Main.storyboard */,
				BC7646591D6B0A5A0099F11C /* Assets.xcassets */,
				BC76465B1D6B0A5A0099F11C /* LaunchScreen.storyboard */,
				BC76465E1D6B0A5A0099F11C /* Info.plist */,
				BC76464D1D6B0A5A0099F11C /* Supporting Files */,
			);
			path = self_web_image;
			sourceTree = "<group>";
		};
		BC76464D1D6B0A5A0099F11C /* Supporting Files */ = {
			isa = PBXGroup;
			children = (
				BC76464E1D6B0A5A0099F11C /* main.m */,
			);
			name = "Supporting Files";
			sourceTree = "<group>";
		};
/* End PBXGroup section */

/* Begin PBXNativeTarget section */
		BC7646491D6B0A5A0099F11C /* self_web_image */ = {
			isa = PBXNativeTarget;
			buildConfigurationList = BC7646611D6B0A5A0099F11C /* Build configuration list for PBXNativeTarget "self_web_image" */;
			buildPhases = (
				BC7646461D6B0A5A0099F11C /* Sources */,
				BC7646471D6B0A5A0099F11C /* Frameworks */,
				BC7646481D6B0A5A0099F11C /* Resources */,
			);
			buildRules = (
			);
			dependencies = (
			);
			name = self_web_image;
			productName = self_web_image;
			productReference = BC76464A1D6B0A5A0099F11C /* self_web_image.app */;
			productType = "com.apple.product-type.application";
		};
/* End PBXNativeTarget section */

/* Begin PBXProject section */
		BC7646421D6B0A5A0099F11C /* Project object */ = {
			isa = PBXProject;
			attributes = {
				LastUpgradeCheck = 0730;
				ORGANIZATIONNAME = ximdefangzh;
				TargetAttributes = {
					BC7646491D6B0A5A0099F11C = {
						CreatedOnToolsVersion = 7.3.1;
					};
				};
			};
			buildConfigurationList = BC7646451D6B0A5A0099F11C /* Build configuration list for PBXProject "self_web_image" */;
			compatibilityVersion = "Xcode 3.2";
			developmentRegion = English;
			hasScannedForEncodings = 0;
			knownRegions = (
				en,
				Base,
			);
			mainGroup = BC7646411D6B0A5A0099F11C;
			productRefGroup = BC76464B1D6B0A5A0099F11C /* Products */;
			projectDirPath = "";
			projectRoot = "";
			targets = (
				BC7646491D6B0A5A0099F11C /* self_web_image */,
			);
		};
/* End PBXProject section */

/* Begin PBXResourcesBuildPhase section */
		BC7646481D6B0A5A0099F11C /* Resources */ = {
			isa = PBXResourcesBuildPhase;
			buildActionMask = 2147483647;
			files = (
				BC76465D1D6B0A5A0099F11C /* LaunchScreen.storyboard in Resources */,
				BC76465A1D6B0A5A0099F11C /* Assets.xcassets in Resources */,
				BC7646581D6B0A5A0099F11C /* Main.storyboard in Resources */,
			);
			runOnlyForDeploymentPostprocessing = 0;
		};
/* End PBXResourcesBuildPhase section */

/* Begin PBXSourcesBuildPhase section */
		BC7646461D6B0A5A0099F11C /* Sources */ = {
			isa = PBXSourcesBuildPhase;
			buildActionMask = 2147483647;
			files = (
				BC7646551D6B0A5A0099F11C /* ViewController.m in Sources */,
				BC7646521D6B0A5A0099F11C /* AppDelegate.m in Sources */,
				BC76464F1D6B0A5A0099F11C /* main.m in Sources */,
			);
			runOnlyForDeploymentPostprocessing = 0;
		};
/* End PBXSourcesBuildPhase section */

/* Begin PBXVariantGroup section */
		BC7646561D6B0A5A0099F11C /* Main.storyboard */ = {
			isa = PBXVariantGroup;
			children = (
				BC7646571D6B0A5A0099F11C /* Base */,
			);
			name = Main.storyboard;
			sourceTree = "<group>";
		};
		BC76465B1D6B0A5A0099F11C /* LaunchScreen.storyboard */ = {
			isa = PBXVariantGroup;
			children = (
				BC76465C1D6B0A5A0099F11C /* Base */,
			);
			name = LaunchScreen.storyboard;
			sourceTree = "<group>";
		};
/* End PBXVariantGroup section */

/* Begin XCBuildConfiguration section */
		BC76465F1D6B0A5A0099F11C /* Debug */ = {
			isa = XCBuildConfiguration;
			buildSettings = {
				ALWAYS_SEARCH_USER_PATHS = NO;
				CLANG_ANALYZER_NONNULL = YES;
				CLANG_CXX_LANGUAGE_STANDARD = "gnu++0x";
				CLANG_CXX_LIBRARY = "libc++";
				CLANG_ENABLE_MODULES = YES;
				CLANG_ENABLE_OBJC_ARC = YES;
				CLANG_WARN_BOOL_CONVERSION = YES;
				CLANG_WARN_CONSTANT_CONVERSION = YES;
				CLANG_WARN_DIRECT_OBJC_ISA_USAGE = YES_ERROR;
				CLANG_WARN_EMPTY_BODY = YES;
				CLANG_WARN_ENUM_CONVERSION = YES;
				CLANG_WARN_INT_CONVERSION = YES;
				CLANG_WARN_OBJC_ROOT_CLASS = YES_ERROR;
				CLANG_WARN_UNREACHABLE_CODE = YES;
				CLANG_WARN__DUPLICATE_METHOD_MATCH = YES;
				"CODE_SIGN_IDENTITY[sdk=iphoneos*]" = "iPhone Developer";
				COPY_PHASE_STRIP = NO;
				DEBUG_INFORMATION_FORMAT = dwarf;
				ENABLE_STRICT_OBJC_MSGSEND = YES;
				ENABLE_TESTABILITY = YES;
				GCC_C_LANGUAGE_STANDARD = gnu99;
				GCC_DYNAMIC_NO_PIC = NO;
				GCC_NO_COMMON_BLOCKS = YES;
				GCC_OPTIMIZATION_LEVEL = 0;
				GCC_PREPROCESSOR_DEFINITIONS = (
					"DEBUG=1",
					"$(inherited)",
				);
				GCC_WARN_64_TO_32_BIT_CONVERSION = YES;
				GCC_WARN_ABOUT_RETURN_TYPE = YES_ERROR;
				GCC_WARN_UNDECLARED_SELECTOR = YES;
				GCC_WARN_UNINITIALIZED_AUTOS = YES_AGGRESSIVE;
				GCC_WARN_UNUSED_FUNCTION = YES;
				GCC_WARN_UNUSED_VARIABLE = YES;
				IPHONEOS_DEPLOYMENT_TARGET = 9.3;
				MTL_ENABLE_DEBUG_INFO = YES;
				ONLY_ACTIVE_ARCH = YES;
				SDKROOT = iphoneos;
				TARGETED_DEVICE_FAMILY = "1,2";
			};
			name = Debug;
		};
		BC7646601D6B0A5A0099F11C /* Release */ = {
			isa = XCBuildConfiguration;
			buildSettings = {
				ALWAYS_SEARCH_USER_PATHS = NO;
				CLANG_ANALYZER_NONNULL = YES;
				CLANG_CXX_LANGUAGE_STANDARD = "gnu++0x";
				CLANG_CXX_LIBRARY = "libc++";
				CLANG_ENABLE_MODULES = YES;
				CLANG_ENABLE_OBJC_ARC = YES;
				CLANG_WARN_BOOL_CONVERSION = YES;
				CLANG_WARN_CONSTANT_CONVERSION = YES;
				CLANG_WARN_DIRECT_OBJC_ISA_USAGE = YES_ERROR;
				CLANG_WARN_EMPTY_BODY = YES;
				CLANG_WARN_ENUM_CONVERSION = YES;
				CLANG_WARN_INT_CONVERSION = YES;
				CLANG_WARN_OBJC_ROOT_CLASS = YES_ERROR;
				CLANG_WARN_UNREACHABLE_CODE = YES;
				CLANG_WARN__DUPLICATE_METHOD_MATCH = YES;
				"CODE_SIGN_IDENTITY[sdk=iphoneos*]" = "iPhone Developer";
				COPY_PHASE_STRIP = NO;
				DEBUG_INFORMATION_FORMAT = "dwarf-with-dsym";
				ENABLE_NS_ASSERTIONS = NO;
				ENABLE_STRICT_OBJC_MSGSEND = YES;
				GCC_C_LANGUAGE_STANDARD = gnu99;
				GCC_NO_COMMON_BLOCKS = YES;
				GCC_WARN_64_TO_32_BIT_CONVERSION = YES;
				GCC_WARN_ABOUT_RETURN_TYPE = YES_ERROR;
				GCC_WARN_UNDECLARED_SELECTOR = YES;
				GCC_WARN_UNINITIALIZED_AUTOS = YES_AGGRESSIVE;
				GCC_WARN_UNUSED_FUNCTION = YES;
				GCC_WARN_UNUSED_VARIABLE = YES;
				IPHONEOS_DEPLOYMENT_TARGET = 9.3;
				MTL_ENABLE_DEBUG_INFO = NO;
				SDKROOT = iphoneos;
				TARGETED_DEVICE_FAMILY = "1,2";
				VALIDATE_PRODUCT = YES;
			};
			name = Release;
		};
		BC7646621D6B0A5A0099F11C /* Debug */ = {
			isa = XCBuildConfiguration;
			buildSettings = {
				ASSETCATALOG_COMPILER_APPICON_NAME = AppIcon;
				INFOPLIST_FILE = self_web_image/Info.plist;
				LD_RUNPATH_SEARCH_PATHS = "$(inherited) @executable_path/Frameworks";
				PRODUCT_BUNDLE_IDENTIFIER = "ximdefangzh.self-web-image";
				PRODUCT_NAME = "$(TARGET_NAME)";
			};
			name = Debug;
		};
		BC7646631D6B0A5A0099F11C /* Release */ = {
			isa = XCBuildConfiguration;
			buildSettings = {
				ASSETCATALOG_COMPILER_APPICON_NAME = AppIcon;
				INFOPLIST_FILE = self_web_image/Info.plist;
				LD_RUNPATH_SEARCH_PATHS = "$(inherited) @executable_path/Frameworks";
				PRODUCT_BUNDLE_IDENTIFIER = "ximdefangzh.self-web-image";
				PRODUCT_NAME = "$(TARGET_NAME)";
			};
			name = Release;
		};
/* End XCBuildConfiguration section */

/* Begin XCConfigurationList section */
		BC7646451D6B0A5A0099F11C /* Build configuration list for PBXProject "self_web_image" */ = {
			isa = XCConfigurationList;
			buildConfigurations = (
				BC76465F1D6B0A5A0099F11C /* Debug */,
				BC7646601D6B0A5A0099F11C /* Release */,
			);
			defaultConfigurationIsVisible = 0;
			defaultConfigurationName = Release;
		};
		BC7646611D6B0A5A0099F11C /* Build configuration list for PBXNativeTarget "self_web_image" */ = {
			isa = XCConfigurationList;
			buildConfigurations = (
				BC7646621D6B0A5A0099F11C /* Debug */,
				BC7646631D6B0A5A0099F11C /* Release */,
			);
			defaultConfigurationIsVisible = 0;
		};
/* End XCConfigurationList section */
	};
	rootObject = BC7646421D6B0A5A0099F11C /* Project object */;
}
